
Microsoft Visual Studio Solution File, Format Version 12.00
# Visual Studio Version 16
VisualStudioVersion = 16.0.808.6
MinimumVisualStudioVersion = 10.0.40219.1
Project("{FAE04EC0-301F-11D3-BF4B-00C04F79EFBC}") = "ExpandableNavigationDrawer.Android", "ExpandableNavigationDrawer.Android\ExpandableNavigationDrawer.Android.csproj", "{3C42CD66-F9B5-4C41-907B-B5FCDABB77EC}"
EndProject
Project("{FAE04EC0-301F-11D3-BF4B-00C04F79EFBC}") = "ExpandableNavigationDrawer.iOS", "ExpandableNavigationDrawer.iOS\ExpandableNavigationDrawer.iOS.csproj", "{CF4EC1BF-08FA-44F4-BD14-E3AAB9E2B73B}"
EndProject
Project("{FAE04EC0-301F-11D3-BF4B-00C04F79EFBC}") = "ExpandableNavigationDrawer", "ExpandableNavigationDrawer\ExpandableNavigationDrawer.csproj", "{687523BC-2641-44CF-854F-5FC4BD3ED648}"
EndProject
Global
	GlobalSection(SolutionConfigurationPlatforms) = preSolution
		Debug|Any CPU = Debug|Any CPU
		Release|Any CPU = Release|Any CPU
		Debug|iPhoneSimulator = Debug|iPhoneSimulator
		Release|iPhoneSimulator = Release|iPhoneSimulator
		Debug|iPhone = Debug|iPhone
		Release|iPhone = Release|iPhone
	EndGlobalSection
	GlobalSection(ProjectConfigurationPlatforms) = postSolution
		{3C42CD66-F9B5-4C41-907B-B5FCDABB77EC}.Debug|Any CPU.ActiveCfg = Debug|Any CPU
		{3C42CD66-F9B5-4C41-907B-B5FCDABB77EC}.Debug|Any CPU.Build.0 = Debug|Any CPU
		{3C42CD66-F9B5-4C41-907B-B5FCDABB77EC}.Release|Any CPU.ActiveCfg = Release|Any CPU
		{3C42CD66-F9B5-4C41-907B-B5FCDABB77EC}.Release|Any CPU.Build.0 = Release|Any CPU
		{3C42CD66-F9B5-4C41-907B-B5FCDABB77EC}.Debug|iPhoneSimulator.ActiveCfg = Debug|Any CPU
		{3C42CD66-F9B5-4C41-907B-B5FCDABB77EC}.Debug|iPhoneSimulator.Build.0 = Debug|Any CPU
		{3C42CD66-F9B5-4C41-907B-B5FCDABB77EC}.Release|iPhoneSimulator.ActiveCfg = Release|Any CPU
		{3C42CD66-F9B5-4C41-907B-B5FCDABB77EC}.Release|iPhoneSimulator.Build.0 = Release|Any CPU
		{3C42CD66-F9B5-4C41-907B-B5FCDABB77EC}.Debug|iPhone.ActiveCfg = Debug|Any CPU
		{3C42CD66-F9B5-4C41-907B-B5FCDABB77EC}.Debug|iPhone.Build.0 = Debug|Any CPU
		{3C42CD66-F9B5-4C41-907B-B5FCDABB77EC}.Release|iPhone.ActiveCfg = Release|Any CPU
		{3C42CD66-F9B5-4C41-907B-B5FCDABB77EC}.Release|iPhone.Build.0 = Release|Any CPU
		{CF4EC1BF-08FA-44F4-BD14-E3AAB9E2B73B}.Debug|Any CPU.ActiveCfg = Debug|iPhoneSimulator
		{CF4EC1BF-08FA-44F4-BD14-E3AAB9E2B73B}.Debug|Any CPU.Build.0 = Debug|iPhoneSimulator
		{CF4EC1BF-08FA-44F4-BD14-E3AAB9E2B73B}.Release|Any CPU.ActiveCfg = Release|iPhoneSimulator
		{CF4EC1BF-08FA-44F4-BD14-E3AAB9E2B73B}.Release|Any CPU.Build.0 = Release|iPhoneSimulator
		{CF4EC1BF-08FA-44F4-BD14-E3AAB9E2B73B}.Debug|iPhoneSimulator.ActiveCfg = Debug|iPhoneSimulator
		{CF4EC1BF-08FA-44F4-BD14-E3AAB9E2B73B}.Debug|iPhoneSimulator.Build.0 = Debug|iPhoneSimulator
		{CF4EC1BF-08FA-44F4-BD14-E3AAB9E2B73B}.Release|iPhoneSimulator.ActiveCfg = Release|iPhoneSimulator
		{CF4EC1BF-08FA-44F4-BD14-E3AAB9E2B73B}.Release|iPhoneSimulator.Build.0 = Release|iPhoneSimulator
		{CF4EC1BF-08FA-44F4-BD14-E3AAB9E2B73B}.Debug|iPhone.ActiveCfg = Debug|iPhone
		{CF4EC1BF-08FA-44F4-BD14-E3AAB9E2B73B}.Debug|iPhone.Build.0 = Debug|iPhone
		{CF4EC1BF-08FA-44F4-BD14-E3AAB9E2B73B}.Release|iPhone.ActiveCfg = Release|iPhone
		{CF4EC1BF-08FA-44F4-BD14-E3AAB9E2B73B}.Release|iPhone.Build.0 = Release|iPhone
		{687523BC-2641-44CF-854F-5FC4BD3ED648}.Debug|Any CPU.ActiveCfg = Debug|Any CPU
		{687523BC-2641-44CF-854F-5FC4BD3ED648}.Debug|Any CPU.Build.0 = Debug|Any CPU
		{687523BC-2641-44CF-854F-5FC4BD3ED648}.Release|Any CPU.ActiveCfg = Release|Any CPU
		{687523BC-2641-44CF-854F-5FC4BD3ED648}.Release|Any CPU.Build.0 = Release|Any CPU
		{687523BC-2641-44CF-854F-5FC4BD3ED648}.Debug|iPhoneSimulator.ActiveCfg = Debug|Any CPU
		{687523BC-2641-44CF-854F-5FC4BD3ED648}.Debug|iPhoneSimulator.Build.0 = Debug|Any CPU
		{687523BC-2641-44CF-854F-5FC4BD3ED648}.Release|iPhoneSimulator.ActiveCfg = Release|Any CPU
		{687523BC-2641-44CF-854F-5FC4BD3ED648}.Release|iPhoneSimulator.Build.0 = Release|Any CPU
		{687523BC-2641-44CF-854F-5FC4BD3ED648}.Debug|iPhone.ActiveCfg = Debug|Any CPU
		{687523BC-2641-44CF-854F-5FC4BD3ED648}.Debug|iPhone.Build.0 = Debug|Any CPU
		{687523BC-2641-44CF-854F-5FC4BD3ED648}.Release|iPhone.ActiveCfg = Release|Any CPU
		{687523BC-2641-44CF-854F-5FC4BD3ED648}.Release|iPhone.Build.0 = Release|Any CPU
	EndGlobalSection
	GlobalSection(SolutionProperties) = preSolution
		HideSolutionNode = FALSE
	EndGlobalSection
	GlobalSection(ExtensibilityGlobals) = postSolution
		SolutionGuid = {A1E5F723-B14E-4259-BF9C-5CBCBA22EE15}
	EndGlobalSection
EndGlobal
